
Microsoft Visual Studio Solution File, Format Version 11.00
# Visual C++ Express 2010
Project("{8BC9CEB8-8B4A-11D0-8D11-00A0C91BC942}") = "dmx_model", "dmx_model.vcxproj", "{E9D82135-1587-47EC-B9DB-3BE3521B090B}"
EndProject
Global
	GlobalSection(SolutionConfigurationPlatforms) = preSolution
		AS Debug|Win32 = AS Debug|Win32
		AS Release|Win32 = AS Release|Win32
	EndGlobalSection
	GlobalSection(ProjectConfigurationPlatforms) = postSolution
		{E9D82135-1587-47EC-B9DB-3BE3521B090B}.AS Debug|Win32.ActiveCfg = AS Debug|Win32
		{E9D82135-1587-47EC-B9DB-3BE3521B090B}.AS Debug|Win32.Build.0 = AS Debug|Win32
		{E9D82135-1587-47EC-B9DB-3BE3521B090B}.AS Release|Win32.ActiveCfg = AS Release|Win32
		{E9D82135-1587-47EC-B9DB-3BE3521B090B}.AS Release|Win32.Build.0 = AS Release|Win32
	EndGlobalSection
	GlobalSection(SolutionProperties) = preSolution
		HideSolutionNode = FALSE
	EndGlobalSection
EndGlobal
